// !$*UTF8*$!
{
	archiveVersion = 1;
	classes = {
	};
	objectVersion = 50;
	objects = {

/* Begin PBXBuildFile section */
		144E0BBD223C470D0040E2A5 /* TapErrorReporting.h in Headers */ = {isa = PBXBuildFile; fileRef = 144E0BBB223C470D0040E2A5 /* TapErrorReporting.h */; settings = {ATTRIBUTES = (Public, ); }; };
		144E0BCE223EA9030040E2A5 /* ErrorReporterImpl.swift in Sources */ = {isa = PBXBuildFile; fileRef = 144E0BC5223EA9030040E2A5 /* ErrorReporterImpl.swift */; };
		144E0BD0223EA9030040E2A5 /* Bundle+ErrorReporting.swift in Sources */ = {isa = PBXBuildFile; fileRef = 144E0BC9223EA9030040E2A5 /* Bundle+ErrorReporting.swift */; };
		144E0BD2223EA9030040E2A5 /* LocalizationKey+ErrorReporting.swift in Sources */ = {isa = PBXBuildFile; fileRef = 144E0BCB223EA9030040E2A5 /* LocalizationKey+ErrorReporting.swift */; };
		144E0BD3223EA9030040E2A5 /* ErrorReporting.swift in Sources */ = {isa = PBXBuildFile; fileRef = 144E0BCD223EA9030040E2A5 /* ErrorReporting.swift */; };
		144E0BD7223EA9DB0040E2A5 /* ErrorReporter.swift in Sources */ = {isa = PBXBuildFile; fileRef = 144E0BD6223EA9DB0040E2A5 /* ErrorReporter.swift */; };
		144E0BE8223F872C0040E2A5 /* en.lproj in Resources */ = {isa = PBXBuildFile; fileRef = 144E0BE5223F872C0040E2A5 /* en.lproj */; };
		144E0BE9223F872C0040E2A5 /* ru.lproj in Resources */ = {isa = PBXBuildFile; fileRef = 144E0BE6223F872C0040E2A5 /* ru.lproj */; };
		144E0BEA223F872C0040E2A5 /* ar.lproj in Resources */ = {isa = PBXBuildFile; fileRef = 144E0BE7223F872C0040E2A5 /* ar.lproj */; };
		144E0C0B223F9E680040E2A5 /* PermissionAlertOrientationHandler.swift in Sources */ = {isa = PBXBuildFile; fileRef = 144E0C0A223F9E680040E2A5 /* PermissionAlertOrientationHandler.swift */; };
		144E0C0E223FA2520040E2A5 /* TapErrorReporting.podspec in Resources */ = {isa = PBXBuildFile; fileRef = 144E0C0D223FA2520040E2A5 /* TapErrorReporting.podspec */; };
		9AACFD2A3D3CB0E962F03382 /* Pods_TapErrorReporting.framework in Frameworks */ = {isa = PBXBuildFile; fileRef = 06CD90E80C298AE414EBEB90 /* Pods_TapErrorReporting.framework */; };
/* End PBXBuildFile section */

/* Begin PBXFileReference section */
		06CD90E80C298AE414EBEB90 /* Pods_TapErrorReporting.framework */ = {isa = PBXFileReference; explicitFileType = wrapper.framework; includeInIndex = 0; path = Pods_TapErrorReporting.framework; sourceTree = BUILT_PRODUCTS_DIR; };
		144E0BB8223C470D0040E2A5 /* TapErrorReporting.framework */ = {isa = PBXFileReference; explicitFileType = wrapper.framework; includeInIndex = 0; path = TapErrorReporting.framework; sourceTree = BUILT_PRODUCTS_DIR; };
		144E0BBB223C470D0040E2A5 /* TapErrorReporting.h */ = {isa = PBXFileReference; lastKnownFileType = sourcecode.c.h; path = TapErrorReporting.h; sourceTree = "<group>"; };
		144E0BBC223C470D0040E2A5 /* Info.plist */ = {isa = PBXFileReference; lastKnownFileType = text.plist.xml; path = Info.plist; sourceTree = "<group>"; };
		144E0BC5223EA9030040E2A5 /* ErrorReporterImpl.swift */ = {isa = PBXFileReference; fileEncoding = 4; lastKnownFileType = sourcecode.swift; path = ErrorReporterImpl.swift; sourceTree = "<group>"; };
		144E0BC9223EA9030040E2A5 /* Bundle+ErrorReporting.swift */ = {isa = PBXFileReference; fileEncoding = 4; lastKnownFileType = sourcecode.swift; path = "Bundle+ErrorReporting.swift"; sourceTree = "<group>"; };
		144E0BCB223EA9030040E2A5 /* LocalizationKey+ErrorReporting.swift */ = {isa = PBXFileReference; fileEncoding = 4; lastKnownFileType = sourcecode.swift; path = "LocalizationKey+ErrorReporting.swift"; sourceTree = "<group>"; };
		144E0BCD223EA9030040E2A5 /* ErrorReporting.swift */ = {isa = PBXFileReference; fileEncoding = 4; lastKnownFileType = sourcecode.swift; path = ErrorReporting.swift; sourceTree = "<group>"; };
		144E0BD6223EA9DB0040E2A5 /* ErrorReporter.swift */ = {isa = PBXFileReference; lastKnownFileType = sourcecode.swift; path = ErrorReporter.swift; sourceTree = "<group>"; };
		144E0BE5223F872C0040E2A5 /* en.lproj */ = {isa = PBXFileReference; lastKnownFileType = folder; path = en.lproj; sourceTree = "<group>"; };
		144E0BE6223F872C0040E2A5 /* ru.lproj */ = {isa = PBXFileReference; lastKnownFileType = folder; path = ru.lproj; sourceTree = "<group>"; };
		144E0BE7223F872C0040E2A5 /* ar.lproj */ = {isa = PBXFileReference; lastKnownFileType = folder; path = ar.lproj; sourceTree = "<group>"; };
		144E0C0A223F9E680040E2A5 /* PermissionAlertOrientationHandler.swift */ = {isa = PBXFileReference; lastKnownFileType = sourcecode.swift; path = PermissionAlertOrientationHandler.swift; sourceTree = "<group>"; };
		144E0C0D223FA2520040E2A5 /* TapErrorReporting.podspec */ = {isa = PBXFileReference; fileEncoding = 4; lastKnownFileType = text; path = TapErrorReporting.podspec; sourceTree = "<group>"; xcLanguageSpecificationIdentifier = xcode.lang.ruby; };
		3A31AA281C9291CA3CAB6542 /* Pods-TapErrorReporting.release.xcconfig */ = {isa = PBXFileReference; includeInIndex = 1; lastKnownFileType = text.xcconfig; name = "Pods-TapErrorReporting.release.xcconfig"; path = "Target Support Files/Pods-TapErrorReporting/Pods-TapErrorReporting.release.xcconfig"; sourceTree = "<group>"; };
		631F2FB88B0A806E83455053 /* Pods-TapErrorReporting.debug.xcconfig */ = {isa = PBXFileReference; includeInIndex = 1; lastKnownFileType = text.xcconfig; name = "Pods-TapErrorReporting.debug.xcconfig"; path = "Target Support Files/Pods-TapErrorReporting/Pods-TapErrorReporting.debug.xcconfig"; sourceTree = "<group>"; };
/* End PBXFileReference section */

/* Begin PBXFrameworksBuildPhase section */
		144E0BB5223C470D0040E2A5 /* Frameworks */ = {
			isa = PBXFrameworksBuildPhase;
			buildActionMask = 2147483647;
			files = (
				9AACFD2A3D3CB0E962F03382 /* Pods_TapErrorReporting.framework in Frameworks */,
			);
			runOnlyForDeploymentPostprocessing = 0;
		};
/* End PBXFrameworksBuildPhase section */

/* Begin PBXGroup section */
		144E0BAE223C470D0040E2A5 = {
			isa = PBXGroup;
			children = (
				144E0C0D223FA2520040E2A5 /* TapErrorReporting.podspec */,
				144E0BBA223C470D0040E2A5 /* TapErrorReporting */,
				144E0BB9223C470D0040E2A5 /* Products */,
				C92DABBFF369F8458905746E /* Pods */,
				D50DB80A1C5BF4CA4116687D /* Frameworks */,
			);
			sourceTree = "<group>";
		};
		144E0BB9223C470D0040E2A5 /* Products */ = {
			isa = PBXGroup;
			children = (
				144E0BB8223C470D0040E2A5 /* TapErrorReporting.framework */,
			);
			name = Products;
			sourceTree = "<group>";
		};
		144E0BBA223C470D0040E2A5 /* TapErrorReporting */ = {
			isa = PBXGroup;
			children = (
				144E0C0C223FA1D60040E2A5 /* Source */,
				144E0BC6223EA9030040E2A5 /* Resources */,
				144E0BBB223C470D0040E2A5 /* TapErrorReporting.h */,
				144E0BBC223C470D0040E2A5 /* Info.plist */,
			);
			path = TapErrorReporting;
			sourceTree = "<group>";
		};
		144E0BC3223EA9030040E2A5 /* Internal */ = {
			isa = PBXGroup;
			children = (
				144E0BC4223EA9030040E2A5 /* Classes */,
				144E0BC8223EA9030040E2A5 /* Extensions */,
			);
			path = Internal;
			sourceTree = "<group>";
		};
		144E0BC4223EA9030040E2A5 /* Classes */ = {
			isa = PBXGroup;
			children = (
				144E0BC5223EA9030040E2A5 /* ErrorReporterImpl.swift */,
			);
			path = Classes;
			sourceTree = "<group>";
		};
		144E0BC6223EA9030040E2A5 /* Resources */ = {
			isa = PBXGroup;
			children = (
				144E0BD8223F86770040E2A5 /* Localization */,
			);
			path = Resources;
			sourceTree = "<group>";
		};
		144E0BC8223EA9030040E2A5 /* Extensions */ = {
			isa = PBXGroup;
			children = (
				144E0BC9223EA9030040E2A5 /* Bundle+ErrorReporting.swift */,
				144E0BCB223EA9030040E2A5 /* LocalizationKey+ErrorReporting.swift */,
			);
			path = Extensions;
			sourceTree = "<group>";
		};
		144E0BCC223EA9030040E2A5 /* Protocols */ = {
			isa = PBXGroup;
			children = (
				144E0BCD223EA9030040E2A5 /* ErrorReporting.swift */,
				144E0C0A223F9E680040E2A5 /* PermissionAlertOrientationHandler.swift */,
			);
			path = Protocols;
			sourceTree = "<group>";
		};
		144E0BD4223EA9B50040E2A5 /* Public */ = {
			isa = PBXGroup;
			children = (
				144E0BD5223EA9C10040E2A5 /* Classes */,
				144E0BCC223EA9030040E2A5 /* Protocols */,
			);
			path = Public;
			sourceTree = "<group>";
		};
		144E0BD5223EA9C10040E2A5 /* Classes */ = {
			isa = PBXGroup;
			children = (
				144E0BD6223EA9DB0040E2A5 /* ErrorReporter.swift */,
			);
			path = Classes;
			sourceTree = "<group>";
		};
		144E0BD8223F86770040E2A5 /* Localization */ = {
			isa = PBXGroup;
			children = (
				144E0BE7223F872C0040E2A5 /* ar.lproj */,
				144E0BE5223F872C0040E2A5 /* en.lproj */,
				144E0BE6223F872C0040E2A5 /* ru.lproj */,
			);
			path = Localization;
			sourceTree = "<group>";
		};
		144E0C0C223FA1D60040E2A5 /* Source */ = {
			isa = PBXGroup;
			children = (
				144E0BC3223EA9030040E2A5 /* Internal */,
				144E0BD4223EA9B50040E2A5 /* Public */,
			);
			path = Source;
			sourceTree = "<group>";
		};
		C92DABBFF369F8458905746E /* Pods */ = {
			isa = PBXGroup;
			children = (
				631F2FB88B0A806E83455053 /* Pods-TapErrorReporting.debug.xcconfig */,
				3A31AA281C9291CA3CAB6542 /* Pods-TapErrorReporting.release.xcconfig */,
			);
			path = Pods;
			sourceTree = "<group>";
		};
		D50DB80A1C5BF4CA4116687D /* Frameworks */ = {
			isa = PBXGroup;
			children = (
				06CD90E80C298AE414EBEB90 /* Pods_TapErrorReporting.framework */,
			);
			name = Frameworks;
			sourceTree = "<group>";
		};
/* End PBXGroup section */

/* Begin PBXHeadersBuildPhase section */
		144E0BB3223C470D0040E2A5 /* Headers */ = {
			isa = PBXHeadersBuildPhase;
			buildActionMask = 2147483647;
			files = (
				144E0BBD223C470D0040E2A5 /* TapErrorReporting.h in Headers */,
			);
			runOnlyForDeploymentPostprocessing = 0;
		};
/* End PBXHeadersBuildPhase section */

/* Begin PBXNativeTarget section */
		144E0BB7223C470D0040E2A5 /* TapErrorReporting */ = {
			isa = PBXNativeTarget;
			buildConfigurationList = 144E0BC0223C470D0040E2A5 /* Build configuration list for PBXNativeTarget "TapErrorReporting" */;
			buildPhases = (
				C8D2A20545E39072C2CC86D9 /* [CP] Check Pods Manifest.lock */,
				144E0BB3223C470D0040E2A5 /* Headers */,
				144E0BB4223C470D0040E2A5 /* Sources */,
				144E0BB5223C470D0040E2A5 /* Frameworks */,
				144E0BB6223C470D0040E2A5 /* Resources */,
			);
			buildRules = (
			);
			dependencies = (
			);
			name = TapErrorReporting;
			productName = TapErrorReporting;
			productReference = 144E0BB8223C470D0040E2A5 /* TapErrorReporting.framework */;
			productType = "com.apple.product-type.framework";
		};
/* End PBXNativeTarget section */

/* Begin PBXProject section */
		144E0BAF223C470D0040E2A5 /* Project object */ = {
			isa = PBXProject;
			attributes = {
				LastUpgradeCheck = 1010;
				ORGANIZATIONNAME = "Tap Payments";
				TargetAttributes = {
					144E0BB7223C470D0040E2A5 = {
						CreatedOnToolsVersion = 10.1;
					};
				};
			};
			buildConfigurationList = 144E0BB2223C470D0040E2A5 /* Build configuration list for PBXProject "TapErrorReporting" */;
			compatibilityVersion = "Xcode 9.3";
			developmentRegion = en;
			hasScannedForEncodings = 0;
			knownRegions = (
				en,
				ru,
				ar,
			);
			mainGroup = 144E0BAE223C470D0040E2A5;
			productRefGroup = 144E0BB9223C470D0040E2A5 /* Products */;
			projectDirPath = "";
			projectRoot = "";
			targets = (
				144E0BB7223C470D0040E2A5 /* TapErrorReporting */,
			);
		};
/* End PBXProject section */

/* Begin PBXResourcesBuildPhase section */
		144E0BB6223C470D0040E2A5 /* Resources */ = {
			isa = PBXResourcesBuildPhase;
			buildActionMask = 2147483647;
			files = (
				144E0BEA223F872C0040E2A5 /* ar.lproj in Resources */,
				144E0BE8223F872C0040E2A5 /* en.lproj in Resources */,
				144E0BE9223F872C0040E2A5 /* ru.lproj in Resources */,
				144E0C0E223FA2520040E2A5 /* TapErrorReporting.podspec in Resources */,
			);
			runOnlyForDeploymentPostprocessing = 0;
		};
/* End PBXResourcesBuildPhase section */

/* Begin PBXShellScriptBuildPhase section */
		C8D2A20545E39072C2CC86D9 /* [CP] Check Pods Manifest.lock */ = {
			isa = PBXShellScriptBuildPhase;
			buildActionMask = 2147483647;
			files = (
			);
			inputFileListPaths = (
			);
			inputPaths = (
				"${PODS_PODFILE_DIR_PATH}/Podfile.lock",
				"${PODS_ROOT}/Manifest.lock",
			);
			name = "[CP] Check Pods Manifest.lock";
			outputFileListPaths = (
			);
			outputPaths = (
				"$(DERIVED_FILE_DIR)/Pods-TapErrorReporting-checkManifestLockResult.txt",
			);
			runOnlyForDeploymentPostprocessing = 0;
			shellPath = /bin/sh;
			shellScript = "diff \"${PODS_PODFILE_DIR_PATH}/Podfile.lock\" \"${PODS_ROOT}/Manifest.lock\" > /dev/null\nif [ $? != 0 ] ; then\n    # print error to STDERR\n    echo \"error: The sandbox is not in sync with the Podfile.lock. Run 'pod install' or update your CocoaPods installation.\" >&2\n    exit 1\nfi\n# This output is used by Xcode 'outputs' to avoid re-running this script phase.\necho \"SUCCESS\" > \"${SCRIPT_OUTPUT_FILE_0}\"\n";
			showEnvVarsInLog = 0;
		};
/* End PBXShellScriptBuildPhase section */

/* Begin PBXSourcesBuildPhase section */
		144E0BB4223C470D0040E2A5 /* Sources */ = {
			isa = PBXSourcesBuildPhase;
			buildActionMask = 2147483647;
			files = (
				144E0BD2223EA9030040E2A5 /* LocalizationKey+ErrorReporting.swift in Sources */,
				144E0C0B223F9E680040E2A5 /* PermissionAlertOrientationHandler.swift in Sources */,
				144E0BCE223EA9030040E2A5 /* ErrorReporterImpl.swift in Sources */,
				144E0BD3223EA9030040E2A5 /* ErrorReporting.swift in Sources */,
				144E0BD0223EA9030040E2A5 /* Bundle+ErrorReporting.swift in Sources */,
				144E0BD7223EA9DB0040E2A5 /* ErrorReporter.swift in Sources */,
			);
			runOnlyForDeploymentPostprocessing = 0;
		};
/* End PBXSourcesBuildPhase section */

/* Begin XCBuildConfiguration section */
		144E0BBE223C470D0040E2A5 /* Debug */ = {
			isa = XCBuildConfiguration;
			buildSettings = {
				ALWAYS_SEARCH_USER_PATHS = NO;
				CLANG_ANALYZER_LOCALIZABILITY_NONLOCALIZED = YES;
				CLANG_ANALYZER_NONNULL = YES;
				CLANG_ANALYZER_NUMBER_OBJECT_CONVERSION = YES_AGGRESSIVE;
				CLANG_CXX_LANGUAGE_STANDARD = "gnu++14";
				CLANG_CXX_LIBRARY = "libc++";
				CLANG_ENABLE_MODULES = YES;
				CLANG_ENABLE_OBJC_ARC = YES;
				CLANG_ENABLE_OBJC_WEAK = YES;
				CLANG_WARN_BLOCK_CAPTURE_AUTORELEASING = YES;
				CLANG_WARN_BOOL_CONVERSION = YES;
				CLANG_WARN_COMMA = YES;
				CLANG_WARN_CONSTANT_CONVERSION = YES;
				CLANG_WARN_DEPRECATED_OBJC_IMPLEMENTATIONS = YES;
				CLANG_WARN_DIRECT_OBJC_ISA_USAGE = YES_ERROR;
				CLANG_WARN_DOCUMENTATION_COMMENTS = YES;
				CLANG_WARN_EMPTY_BODY = YES;
				CLANG_WARN_ENUM_CONVERSION = YES;
				CLANG_WARN_INFINITE_RECURSION = YES;
				CLANG_WARN_INT_CONVERSION = YES;
				CLANG_WARN_NON_LITERAL_NULL_CONVERSION = YES;
				CLANG_WARN_OBJC_IMPLICIT_RETAIN_SELF = YES;
				CLANG_WARN_OBJC_LITERAL_CONVERSION = YES;
				CLANG_WARN_OBJC_ROOT_CLASS = YES_ERROR;
				CLANG_WARN_RANGE_LOOP_ANALYSIS = YES;
				CLANG_WARN_STRICT_PROTOTYPES = YES;
				CLANG_WARN_SUSPICIOUS_MOVE = YES;
				CLANG_WARN_UNGUARDED_AVAILABILITY = YES_AGGRESSIVE;
				CLANG_WARN_UNREACHABLE_CODE = YES;
				CLANG_WARN__DUPLICATE_METHOD_MATCH = YES;
				CODE_SIGN_IDENTITY = "iPhone Developer";
				COPY_PHASE_STRIP = NO;
				CURRENT_PROJECT_VERSION = 1;
				DEBUG_INFORMATION_FORMAT = dwarf;
				ENABLE_STRICT_OBJC_MSGSEND = YES;
				ENABLE_TESTABILITY = YES;
				GCC_C_LANGUAGE_STANDARD = gnu11;
				GCC_DYNAMIC_NO_PIC = NO;
				GCC_NO_COMMON_BLOCKS = YES;
				GCC_OPTIMIZATION_LEVEL = 0;
				GCC_PREPROCESSOR_DEFINITIONS = (
					"DEBUG=1",
					"$(inherited)",
				);
				GCC_WARN_64_TO_32_BIT_CONVERSION = YES;
				GCC_WARN_ABOUT_RETURN_TYPE = YES_ERROR;
				GCC_WARN_UNDECLARED_SELECTOR = YES;
				GCC_WARN_UNINITIALIZED_AUTOS = YES_AGGRESSIVE;
				GCC_WARN_UNUSED_FUNCTION = YES;
				GCC_WARN_UNUSED_VARIABLE = YES;
				IPHONEOS_DEPLOYMENT_TARGET = 12.1;
				MTL_ENABLE_DEBUG_INFO = INCLUDE_SOURCE;
				MTL_FAST_MATH = YES;
				ONLY_ACTIVE_ARCH = YES;
				SDKROOT = iphoneos;
				SWIFT_ACTIVE_COMPILATION_CONDITIONS = DEBUG;
				SWIFT_OPTIMIZATION_LEVEL = "-Onone";
				VERSIONING_SYSTEM = "apple-generic";
				VERSION_INFO_PREFIX = "";
			};
			name = Debug;
		};
		144E0BBF223C470D0040E2A5 /* Release */ = {
			isa = XCBuildConfiguration;
			buildSettings = {
				ALWAYS_SEARCH_USER_PATHS = NO;
				CLANG_ANALYZER_LOCALIZABILITY_NONLOCALIZED = YES;
				CLANG_ANALYZER_NONNULL = YES;
				CLANG_ANALYZER_NUMBER_OBJECT_CONVERSION = YES_AGGRESSIVE;
				CLANG_CXX_LANGUAGE_STANDARD = "gnu++14";
				CLANG_CXX_LIBRARY = "libc++";
				CLANG_ENABLE_MODULES = YES;
				CLANG_ENABLE_OBJC_ARC = YES;
				CLANG_ENABLE_OBJC_WEAK = YES;
				CLANG_WARN_BLOCK_CAPTURE_AUTORELEASING = YES;
				CLANG_WARN_BOOL_CONVERSION = YES;
				CLANG_WARN_COMMA = YES;
				CLANG_WARN_CONSTANT_CONVERSION = YES;
				CLANG_WARN_DEPRECATED_OBJC_IMPLEMENTATIONS = YES;
				CLANG_WARN_DIRECT_OBJC_ISA_USAGE = YES_ERROR;
				CLANG_WARN_DOCUMENTATION_COMMENTS = YES;
				CLANG_WARN_EMPTY_BODY = YES;
				CLANG_WARN_ENUM_CONVERSION = YES;
				CLANG_WARN_INFINITE_RECURSION = YES;
				CLANG_WARN_INT_CONVERSION = YES;
				CLANG_WARN_NON_LITERAL_NULL_CONVERSION = YES;
				CLANG_WARN_OBJC_IMPLICIT_RETAIN_SELF = YES;
				CLANG_WARN_OBJC_LITERAL_CONVERSION = YES;
				CLANG_WARN_OBJC_ROOT_CLASS = YES_ERROR;
				CLANG_WARN_RANGE_LOOP_ANALYSIS = YES;
				CLANG_WARN_STRICT_PROTOTYPES = YES;
				CLANG_WARN_SUSPICIOUS_MOVE = YES;
				CLANG_WARN_UNGUARDED_AVAILABILITY = YES_AGGRESSIVE;
				CLANG_WARN_UNREACHABLE_CODE = YES;
				CLANG_WARN__DUPLICATE_METHOD_MATCH = YES;
				CODE_SIGN_IDENTITY = "iPhone Developer";
				COPY_PHASE_STRIP = NO;
				CURRENT_PROJECT_VERSION = 1;
				DEBUG_INFORMATION_FORMAT = "dwarf-with-dsym";
				ENABLE_NS_ASSERTIONS = NO;
				ENABLE_STRICT_OBJC_MSGSEND = YES;
				GCC_C_LANGUAGE_STANDARD = gnu11;
				GCC_NO_COMMON_BLOCKS = YES;
				GCC_WARN_64_TO_32_BIT_CONVERSION = YES;
				GCC_WARN_ABOUT_RETURN_TYPE = YES_ERROR;
				GCC_WARN_UNDECLARED_SELECTOR = YES;
				GCC_WARN_UNINITIALIZED_AUTOS = YES_AGGRESSIVE;
				GCC_WARN_UNUSED_FUNCTION = YES;
				GCC_WARN_UNUSED_VARIABLE = YES;
				IPHONEOS_DEPLOYMENT_TARGET = 12.1;
				MTL_ENABLE_DEBUG_INFO = NO;
				MTL_FAST_MATH = YES;
				SDKROOT = iphoneos;
				SWIFT_COMPILATION_MODE = wholemodule;
				SWIFT_OPTIMIZATION_LEVEL = "-O";
				VALIDATE_PRODUCT = YES;
				VERSIONING_SYSTEM = "apple-generic";
				VERSION_INFO_PREFIX = "";
			};
			name = Release;
		};
		144E0BC1223C470D0040E2A5 /* Debug */ = {
			isa = XCBuildConfiguration;
			baseConfigurationReference = 631F2FB88B0A806E83455053 /* Pods-TapErrorReporting.debug.xcconfig */;
			buildSettings = {
				CODE_SIGN_IDENTITY = "";
				CODE_SIGN_STYLE = Automatic;
				DEFINES_MODULE = YES;
				DEVELOPMENT_TEAM = G46S76PUH4;
				DYLIB_COMPATIBILITY_VERSION = 1;
				DYLIB_CURRENT_VERSION = 1;
				DYLIB_INSTALL_NAME_BASE = "@rpath";
				INFOPLIST_FILE = TapErrorReporting/Info.plist;
				INSTALL_PATH = "$(LOCAL_LIBRARY_DIR)/Frameworks";
				LD_RUNPATH_SEARCH_PATHS = (
					"$(inherited)",
					"@executable_path/Frameworks",
					"@loader_path/Frameworks",
				);
				PRODUCT_BUNDLE_IDENTIFIER = company.tap.TapErrorReporting;
				PRODUCT_NAME = "$(TARGET_NAME:c99extidentifier)";
				SKIP_INSTALL = YES;
				SWIFT_VERSION = 4.2;
				TARGETED_DEVICE_FAMILY = "1,2";
			};
			name = Debug;
		};
		144E0BC2223C470D0040E2A5 /* Release */ = {
			isa = XCBuildConfiguration;
			baseConfigurationReference = 3A31AA281C9291CA3CAB6542 /* Pods-TapErrorReporting.release.xcconfig */;
			buildSettings = {
				CODE_SIGN_IDENTITY = "";
				CODE_SIGN_STYLE = Automatic;
				DEFINES_MODULE = YES;
				DEVELOPMENT_TEAM = G46S76PUH4;
				DYLIB_COMPATIBILITY_VERSION = 1;
				DYLIB_CURRENT_VERSION = 1;
				DYLIB_INSTALL_NAME_BASE = "@rpath";
				INFOPLIST_FILE = TapErrorReporting/Info.plist;
				INSTALL_PATH = "$(LOCAL_LIBRARY_DIR)/Frameworks";
				LD_RUNPATH_SEARCH_PATHS = (
					"$(inherited)",
					"@executable_path/Frameworks",
					"@loader_path/Frameworks",
				);
				PRODUCT_BUNDLE_IDENTIFIER = company.tap.TapErrorReporting;
				PRODUCT_NAME = "$(TARGET_NAME:c99extidentifier)";
				SKIP_INSTALL = YES;
				SWIFT_VERSION = 4.2;
				TARGETED_DEVICE_FAMILY = "1,2";
			};
			name = Release;
		};
/* End XCBuildConfiguration section */

/* Begin XCConfigurationList section */
		144E0BB2223C470D0040E2A5 /* Build configuration list for PBXProject "TapErrorReporting" */ = {
			isa = XCConfigurationList;
			buildConfigurations = (
				144E0BBE223C470D0040E2A5 /* Debug */,
				144E0BBF223C470D0040E2A5 /* Release */,
			);
			defaultConfigurationIsVisible = 0;
			defaultConfigurationName = Release;
		};
		144E0BC0223C470D0040E2A5 /* Build configuration list for PBXNativeTarget "TapErrorReporting" */ = {
			isa = XCConfigurationList;
			buildConfigurations = (
				144E0BC1223C470D0040E2A5 /* Debug */,
				144E0BC2223C470D0040E2A5 /* Release */,
			);
			defaultConfigurationIsVisible = 0;
			defaultConfigurationName = Release;
		};
/* End XCConfigurationList section */
	};
	rootObject = 144E0BAF223C470D0040E2A5 /* Project object */;
}
